
Microsoft Visual Studio Solution File, Format Version 11.00
# Visual Studio 2010
Project("{FAE04EC0-301F-11D3-BF4B-00C04F79EFBC}") = "Assembly-CSharp", "Assembly-CSharp.csproj", "{7eaa5e64-6dd3-8e45-d295-73a800585a1f}"
EndProject
Project("{FAE04EC0-301F-11D3-BF4B-00C04F79EFBC}") = "Assembly-CSharp-Editor", "Assembly-CSharp-Editor.csproj", "{1d878c35-0f0a-fb49-c509-47f0836496a5}"
EndProject
Global
	GlobalSection(SolutionConfigurationPlatforms) = preSolution
		Debug|Any CPU = Debug|Any CPU
		Release|Any CPU = Release|Any CPU
	EndGlobalSection
	GlobalSection(ProjectConfigurationPlatforms) = postSolution
		{7eaa5e64-6dd3-8e45-d295-73a800585a1f}.Debug|Any CPU.ActiveCfg = Debug|Any CPU
		{7eaa5e64-6dd3-8e45-d295-73a800585a1f}.Debug|Any CPU.Build.0 = Debug|Any CPU
		{7eaa5e64-6dd3-8e45-d295-73a800585a1f}.Release|Any CPU.ActiveCfg = Release|Any CPU
		{7eaa5e64-6dd3-8e45-d295-73a800585a1f}.Release|Any CPU.Build.0 = Release|Any CPU
		{1d878c35-0f0a-fb49-c509-47f0836496a5}.Debug|Any CPU.ActiveCfg = Debug|Any CPU
		{1d878c35-0f0a-fb49-c509-47f0836496a5}.Debug|Any CPU.Build.0 = Debug|Any CPU
		{1d878c35-0f0a-fb49-c509-47f0836496a5}.Release|Any CPU.ActiveCfg = Release|Any CPU
		{1d878c35-0f0a-fb49-c509-47f0836496a5}.Release|Any CPU.Build.0 = Release|Any CPU
	EndGlobalSection
	GlobalSection(SolutionProperties) = preSolution
		HideSolutionNode = FALSE
	EndGlobalSection
EndGlobal
